
Microsoft Visual Studio Solution File, Format Version 12.00
# Visual Studio Version 16
VisualStudioVersion = 16.0.30320.27
MinimumVisualStudioVersion = 10.0.40219.1
Project("{FAE04EC0-301F-11D3-BF4B-00C04F79EFBC}") = "ProyectoFinal2020", "ProyectoFinal2020\ProyectoFinal2020.csproj", "{3B35CD32-1EA0-40C0-B069-F60D80F7B84E}"
EndProject
Global
	GlobalSection(SolutionConfigurationPlatforms) = preSolution
		Debug|Any CPU = Debug|Any CPU
		Release|Any CPU = Release|Any CPU
	EndGlobalSection
	GlobalSection(ProjectConfigurationPlatforms) = postSolution
		{3B35CD32-1EA0-40C0-B069-F60D80F7B84E}.Debug|Any CPU.ActiveCfg = Debug|Any CPU
		{3B35CD32-1EA0-40C0-B069-F60D80F7B84E}.Debug|Any CPU.Build.0 = Debug|Any CPU
		{3B35CD32-1EA0-40C0-B069-F60D80F7B84E}.Release|Any CPU.ActiveCfg = Release|Any CPU
		{3B35CD32-1EA0-40C0-B069-F60D80F7B84E}.Release|Any CPU.Build.0 = Release|Any CPU
	EndGlobalSection
	GlobalSection(SolutionProperties) = preSolution
		HideSolutionNode = FALSE
	EndGlobalSection
	GlobalSection(ExtensibilityGlobals) = postSolution
		SolutionGuid = {A75FECA9-733F-46E0-B3E3-E6E7C2537303}
	EndGlobalSection
EndGlobal
